
Microsoft Visual Studio Solution File, Format Version 12.00
# Visual Studio 2013
VisualStudioVersion = 12.0.21005.1
MinimumVisualStudioVersion = 10.0.40219.1
Project("{FAE04EC0-301F-11D3-BF4B-00C04F79EFBC}") = "CoachUs.Data", "CoachUs.Data\CoachUs.Data.csproj", "{68BC9693-49DC-4F25-ADF1-0E7FC7F2742F}"
EndProject
Project("{FAE04EC0-301F-11D3-BF4B-00C04F79EFBC}") = "CoachUs.Data.Entities", "CoachUs.Data.Entities\CoachUs.Data.Entities.csproj", "{BCC77935-5291-4881-8BC1-E6FEA8CF0524}"
EndProject
Project("{FAE04EC0-301F-11D3-BF4B-00C04F79EFBC}") = "CoachUs.Managers", "CoachUs.Managers\CoachUs.Managers.csproj", "{CFB3D8CF-9098-41A4-9EC3-D257EA4AB795}"
EndProject
Project("{FAE04EC0-301F-11D3-BF4B-00C04F79EFBC}") = "CoachUs.Site", "CoachUs.Site\CoachUs.Site.csproj", "{8EBCD3D7-A1D9-4EB8-991A-D8D723D52447}"
EndProject
Global
	GlobalSection(SolutionConfigurationPlatforms) = preSolution
		Debug|Any CPU = Debug|Any CPU
		Release|Any CPU = Release|Any CPU
	EndGlobalSection
	GlobalSection(ProjectConfigurationPlatforms) = postSolution
		{68BC9693-49DC-4F25-ADF1-0E7FC7F2742F}.Debug|Any CPU.ActiveCfg = Debug|Any CPU
		{68BC9693-49DC-4F25-ADF1-0E7FC7F2742F}.Debug|Any CPU.Build.0 = Debug|Any CPU
		{68BC9693-49DC-4F25-ADF1-0E7FC7F2742F}.Release|Any CPU.ActiveCfg = Release|Any CPU
		{68BC9693-49DC-4F25-ADF1-0E7FC7F2742F}.Release|Any CPU.Build.0 = Release|Any CPU
		{BCC77935-5291-4881-8BC1-E6FEA8CF0524}.Debug|Any CPU.ActiveCfg = Debug|Any CPU
		{BCC77935-5291-4881-8BC1-E6FEA8CF0524}.Debug|Any CPU.Build.0 = Debug|Any CPU
		{BCC77935-5291-4881-8BC1-E6FEA8CF0524}.Release|Any CPU.ActiveCfg = Release|Any CPU
		{BCC77935-5291-4881-8BC1-E6FEA8CF0524}.Release|Any CPU.Build.0 = Release|Any CPU
		{CFB3D8CF-9098-41A4-9EC3-D257EA4AB795}.Debug|Any CPU.ActiveCfg = Debug|Any CPU
		{CFB3D8CF-9098-41A4-9EC3-D257EA4AB795}.Debug|Any CPU.Build.0 = Debug|Any CPU
		{CFB3D8CF-9098-41A4-9EC3-D257EA4AB795}.Release|Any CPU.ActiveCfg = Release|Any CPU
		{CFB3D8CF-9098-41A4-9EC3-D257EA4AB795}.Release|Any CPU.Build.0 = Release|Any CPU
		{8EBCD3D7-A1D9-4EB8-991A-D8D723D52447}.Debug|Any CPU.ActiveCfg = Debug|Any CPU
		{8EBCD3D7-A1D9-4EB8-991A-D8D723D52447}.Debug|Any CPU.Build.0 = Debug|Any CPU
		{8EBCD3D7-A1D9-4EB8-991A-D8D723D52447}.Release|Any CPU.ActiveCfg = Release|Any CPU
		{8EBCD3D7-A1D9-4EB8-991A-D8D723D52447}.Release|Any CPU.Build.0 = Release|Any CPU
	EndGlobalSection
	GlobalSection(SolutionProperties) = preSolution
		HideSolutionNode = FALSE
	EndGlobalSection
EndGlobal
